
Microsoft Visual Studio Solution File, Format Version 12.00
# Visual Studio Version 17
VisualStudioVersion = 17.0.31903.59
MinimumVisualStudioVersion = 10.0.40219.1
Project("{2150E333-8FDC-42A3-9474-1A3956D46DE8}") = "src", "src", "{827E0CD3-B72D-47B6-A68D-7590B98EB39B}"
EndProject
Project("{FAE04EC0-301F-11D3-BF4B-00C04F79EFBC}") = "Memoria.Core", "src\Memoria.Core\Memoria.Core.csproj", "{70F471F2-C11D-4C26-BAFE-EF321BCE2D3E}"
EndProject
Project("{2150E333-8FDC-42A3-9474-1A3956D46DE8}") = "tests", "tests", "{0AB3BF05-4346-4AA6-1389-037BE0695223}"
EndProject
Project("{FAE04EC0-301F-11D3-BF4B-00C04F79EFBC}") = "Memoria.Tests", "tests\Memoria.Tests\Memoria.Tests.csproj", "{9519F5E0-880F-4C45-A57F-B99A109D83B1}"
EndProject
Project("{FAE04EC0-301F-11D3-BF4B-00C04F79EFBC}") = "Memoria.App", "src\Memoria.App\Memoria.App.csproj", "{EBD21472-375E-4654-9787-A0C6477EB9C3}"
EndProject
Global
	GlobalSection(SolutionConfigurationPlatforms) = preSolution
		Debug|Any CPU = Debug|Any CPU
		Debug|x64 = Debug|x64
		Debug|x86 = Debug|x86
		Release|Any CPU = Release|Any CPU
		Release|x64 = Release|x64
		Release|x86 = Release|x86
	EndGlobalSection
	GlobalSection(ProjectConfigurationPlatforms) = postSolution
		{70F471F2-C11D-4C26-BAFE-EF321BCE2D3E}.Debug|Any CPU.ActiveCfg = Debug|Any CPU
		{70F471F2-C11D-4C26-BAFE-EF321BCE2D3E}.Debug|Any CPU.Build.0 = Debug|Any CPU
		{70F471F2-C11D-4C26-BAFE-EF321BCE2D3E}.Debug|x64.ActiveCfg = Debug|Any CPU
		{70F471F2-C11D-4C26-BAFE-EF321BCE2D3E}.Debug|x64.Build.0 = Debug|Any CPU
		{70F471F2-C11D-4C26-BAFE-EF321BCE2D3E}.Debug|x86.ActiveCfg = Debug|Any CPU
		{70F471F2-C11D-4C26-BAFE-EF321BCE2D3E}.Debug|x86.Build.0 = Debug|Any CPU
		{70F471F2-C11D-4C26-BAFE-EF321BCE2D3E}.Release|Any CPU.ActiveCfg = Release|Any CPU
		{70F471F2-C11D-4C26-BAFE-EF321BCE2D3E}.Release|Any CPU.Build.0 = Release|Any CPU
		{70F471F2-C11D-4C26-BAFE-EF321BCE2D3E}.Release|x64.ActiveCfg = Release|Any CPU
		{70F471F2-C11D-4C26-BAFE-EF321BCE2D3E}.Release|x64.Build.0 = Release|Any CPU
		{70F471F2-C11D-4C26-BAFE-EF321BCE2D3E}.Release|x86.ActiveCfg = Release|Any CPU
		{70F471F2-C11D-4C26-BAFE-EF321BCE2D3E}.Release|x86.Build.0 = Release|Any CPU
		{9519F5E0-880F-4C45-A57F-B99A109D83B1}.Debug|Any CPU.ActiveCfg = Debug|Any CPU
		{9519F5E0-880F-4C45-A57F-B99A109D83B1}.Debug|Any CPU.Build.0 = Debug|Any CPU
		{9519F5E0-880F-4C45-A57F-B99A109D83B1}.Debug|x64.ActiveCfg = Debug|Any CPU
		{9519F5E0-880F-4C45-A57F-B99A109D83B1}.Debug|x64.Build.0 = Debug|Any CPU
		{9519F5E0-880F-4C45-A57F-B99A109D83B1}.Debug|x86.ActiveCfg = Debug|Any CPU
		{9519F5E0-880F-4C45-A57F-B99A109D83B1}.Debug|x86.Build.0 = Debug|Any CPU
		{9519F5E0-880F-4C45-A57F-B99A109D83B1}.Release|Any CPU.ActiveCfg = Release|Any CPU
		{9519F5E0-880F-4C45-A57F-B99A109D83B1}.Release|Any CPU.Build.0 = Release|Any CPU
		{9519F5E0-880F-4C45-A57F-B99A109D83B1}.Release|x64.ActiveCfg = Release|Any CPU
		{9519F5E0-880F-4C45-A57F-B99A109D83B1}.Release|x64.Build.0 = Release|Any CPU
		{9519F5E0-880F-4C45-A57F-B99A109D83B1}.Release|x86.ActiveCfg = Release|Any CPU
		{9519F5E0-880F-4C45-A57F-B99A109D83B1}.Release|x86.Build.0 = Release|Any CPU
		{EBD21472-375E-4654-9787-A0C6477EB9C3}.Debug|Any CPU.ActiveCfg = Debug|Any CPU
		{EBD21472-375E-4654-9787-A0C6477EB9C3}.Debug|Any CPU.Build.0 = Debug|Any CPU
		{EBD21472-375E-4654-9787-A0C6477EB9C3}.Debug|x64.ActiveCfg = Debug|Any CPU
		{EBD21472-375E-4654-9787-A0C6477EB9C3}.Debug|x64.Build.0 = Debug|Any CPU
		{EBD21472-375E-4654-9787-A0C6477EB9C3}.Debug|x86.ActiveCfg = Debug|Any CPU
		{EBD21472-375E-4654-9787-A0C6477EB9C3}.Debug|x86.Build.0 = Debug|Any CPU
		{EBD21472-375E-4654-9787-A0C6477EB9C3}.Release|Any CPU.ActiveCfg = Release|Any CPU
		{EBD21472-375E-4654-9787-A0C6477EB9C3}.Release|Any CPU.Build.0 = Release|Any CPU
		{EBD21472-375E-4654-9787-A0C6477EB9C3}.Release|x64.ActiveCfg = Release|Any CPU
		{EBD21472-375E-4654-9787-A0C6477EB9C3}.Release|x64.Build.0 = Release|Any CPU
		{EBD21472-375E-4654-9787-A0C6477EB9C3}.Release|x86.ActiveCfg = Release|Any CPU
		{EBD21472-375E-4654-9787-A0C6477EB9C3}.Release|x86.Build.0 = Release|Any CPU
	EndGlobalSection
	GlobalSection(SolutionProperties) = preSolution
		HideSolutionNode = FALSE
	EndGlobalSection
	GlobalSection(NestedProjects) = preSolution
		{70F471F2-C11D-4C26-BAFE-EF321BCE2D3E} = {827E0CD3-B72D-47B6-A68D-7590B98EB39B}
		{9519F5E0-880F-4C45-A57F-B99A109D83B1} = {0AB3BF05-4346-4AA6-1389-037BE0695223}
		{EBD21472-375E-4654-9787-A0C6477EB9C3} = {827E0CD3-B72D-47B6-A68D-7590B98EB39B}
	EndGlobalSection
EndGlobal
